PODS:
  - ASIHTTPRequest (1.8.1):
    - ASIHTTPRequest/ASIWebPageRequest
    - ASIHTTPRequest/CloudFiles
    - ASIHTTPRequest/S3
    - Reachability
  - ASIHTTPRequest/ASIWebPageRequest (1.8.1):
    - Reachability
  - ASIHTTPRequest/CloudFiles (1.8.1):
    - Reachability
  - ASIHTTPRequest/S3 (1.8.1):
    - Reachability
  - CocoaLumberjack (1.6.2)
  - DAContextMenuTableViewController (1.0.2)
  - HMSegmentedControl (1.3.0)
  - JASidePanels (1.3.2)
  - KxMenu (1)
  - MBProgressHUD (0.7)
  - Reachability (3.1.1)
  - RTLabel (1.0)
  - SVProgressHUD (0.9)
  - SWTableViewCell (0.0.8)
  - ViewDeck (2.2.11)

DEPENDENCIES:
  - ASIHTTPRequest
  - CocoaLumberjack
  - DAContextMenuTableViewController
  - HMSegmentedControl (~> 1.3.0)
  - JASidePanels
  - KxMenu
  - MBProgressHUD
  - RTLabel
  - SVProgressHUD
  - SWTableViewCell
  - ViewDeck (~> 2.2.11)

SPEC CHECKSUMS:
  ASIHTTPRequest: 162783e0cd71bdd3ff1ceed0cd5fa9505e0116a8
  CocoaLumberjack: 2619775f386bbec1e870eddb5040f870c68726b1
  DAContextMenuTableViewController: 0151e9de219c3236257c2cc970968c77f7464a73
  HMSegmentedControl: 3a58d4fc011e40c93c5299b9e8283e89c32f4c64
  JASidePanels: c0e642a7311ec9cc9adfa616fa4a795e4e169f20
  KxMenu: 99db7f9b685c3c8325d152df3fe5b7fdc8b8343e
  MBProgressHUD: 1fd8591a2216d5dec6de24e09187bb03bcbe9946
  Reachability: be4883bb93f31e38266ae3365e5600a317aae735
  RTLabel: 124420c05d7897bf7f14b75a26f54f2932ac4ca5
  SVProgressHUD: 03d4845ec8e64591726428a08236c6a5489d45f8
  SWTableViewCell: 279c48862af0bc14dba592b6a76f73da70f74ba5
  ViewDeck: b5eddc8559b0e47259ab7addbf2de6768061f139

COCOAPODS: 0.23.0
