<?xml version="1.0" encoding="UTF-8"?>
<!DOCTYPE plist PUBLIC "-//Apple//DTD PLIST 1.0//EN" "http://www.apple.com/DTDs/PropertyList-1.0.dtd">
<plist version="1.0">
<dict>
	<key>archiveVersion</key>
	<string>1</string>
	<key>classes</key>
	<dict/>
	<key>objectVersion</key>
	<string>46</string>
	<key>objects</key>
	<dict>
		<key>02F8C588926E4F94A911AFB7</key>
		<dict>
			<key>buildActionMask</key>
			<string>2147483647</string>
			<key>files</key>
			<array/>
			<key>inputPaths</key>
			<array/>
			<key>isa</key>
			<string>PBXShellScriptBuildPhase</string>
			<key>name</key>
			<string>Copy Pods Resources</string>
			<key>outputPaths</key>
			<array/>
			<key>runOnlyForDeploymentPostprocessing</key>
			<string>0</string>
			<key>shellPath</key>
			<string>/bin/sh</string>
			<key>shellScript</key>
			<string>"${SRCROOT}/Pods/Pods-resources.sh"
</string>
			<key>showEnvVarsInLog</key>
			<string>0</string>
		</dict>
		<key>46EE0A7152E64BF8A14AF965</key>
		<dict>
			<key>includeInIndex</key>
			<string>1</string>
			<key>isa</key>
			<string>PBXFileReference</string>
			<key>lastKnownFileType</key>
			<string>text.xcconfig</string>
			<key>name</key>
			<string>Pods.xcconfig</string>
			<key>path</key>
			<string>Pods/Pods.xcconfig</string>
			<key>sourceTree</key>
			<string>SOURCE_ROOT</string>
		</dict>
		<key>472F32D317CC3C05007E567B</key>
		<dict>
			<key>children</key>
			<array>
				<string>472F332717CC3D02007E567B</string>
				<string>472F32E517CC3C05007E567B</string>
				<string>472F32DE17CC3C05007E567B</string>
				<string>472F32DD17CC3C05007E567B</string>
				<string>46EE0A7152E64BF8A14AF965</string>
			</array>
			<key>isa</key>
			<string>PBXGroup</string>
			<key>sourceTree</key>
			<string>&lt;group&gt;</string>
		</dict>
		<key>472F32D417CC3C05007E567B</key>
		<dict>
			<key>attributes</key>
			<dict>
				<key>CLASSPREFIX</key>
				<string>Cement</string>
				<key>LastUpgradeCheck</key>
				<string>0460</string>
				<key>ORGANIZATIONNAME</key>
				<string>&#27827;&#21335;&#20016;&#21338;&#33258;&#21160;&#21270;&#26377;&#38480;&#20844;&#21496;</string>
			</dict>
			<key>buildConfigurationList</key>
			<string>472F32D717CC3C05007E567B</string>
			<key>compatibilityVersion</key>
			<string>Xcode 3.2</string>
			<key>developmentRegion</key>
			<string>English</string>
			<key>hasScannedForEncodings</key>
			<string>0</string>
			<key>isa</key>
			<string>PBXProject</string>
			<key>knownRegions</key>
			<array>
				<string>en</string>
			</array>
			<key>mainGroup</key>
			<string>472F32D317CC3C05007E567B</string>
			<key>productRefGroup</key>
			<string>472F32DD17CC3C05007E567B</string>
			<key>projectDirPath</key>
			<string></string>
			<key>projectReferences</key>
			<array/>
			<key>projectRoot</key>
			<string></string>
			<key>targets</key>
			<array>
				<string>472F32DB17CC3C05007E567B</string>
			</array>
		</dict>
		<key>472F32D717CC3C05007E567B</key>
		<dict>
			<key>buildConfigurations</key>
			<array>
				<string>472F330017CC3C05007E567B</string>
				<string>472F330117CC3C05007E567B</string>
			</array>
			<key>defaultConfigurationIsVisible</key>
			<string>0</string>
			<key>defaultConfigurationName</key>
			<string>Release</string>
			<key>isa</key>
			<string>XCConfigurationList</string>
		</dict>
		<key>472F32D817CC3C05007E567B</key>
		<dict>
			<key>buildActionMask</key>
			<string>2147483647</string>
			<key>files</key>
			<array>
				<string>472F32EC17CC3C05007E567B</string>
				<string>472F32F017CC3C05007E567B</string>
				<string>472F32FF17CC3C05007E567B</string>
				<string>476FC86F17CC41F200EA5251</string>
				<string>476FC87017CC41F200EA5251</string>
				<string>476FC87217CC41F200EA5251</string>
			</array>
			<key>isa</key>
			<string>PBXSourcesBuildPhase</string>
			<key>runOnlyForDeploymentPostprocessing</key>
			<string>0</string>
		</dict>
		<key>472F32D917CC3C05007E567B</key>
		<dict>
			<key>buildActionMask</key>
			<string>2147483647</string>
			<key>files</key>
			<array>
				<string>472F332F17CC3D48007E567B</string>
				<string>472F332D17CC3D40007E567B</string>
				<string>472F332B17CC3D3A007E567B</string>
				<string>472F332917CC3D34007E567B</string>
				<string>472F32E017CC3C05007E567B</string>
				<string>472F32E217CC3C05007E567B</string>
				<string>472F32E417CC3C05007E567B</string>
				<string>472F332517CC3CF8007E567B</string>
				<string>4D09E885E1064B069A1C072C</string>
			</array>
			<key>isa</key>
			<string>PBXFrameworksBuildPhase</string>
			<key>runOnlyForDeploymentPostprocessing</key>
			<string>0</string>
		</dict>
		<key>472F32DA17CC3C05007E567B</key>
		<dict>
			<key>buildActionMask</key>
			<string>2147483647</string>
			<key>files</key>
			<array>
				<string>472F32EA17CC3C05007E567B</string>
				<string>472F32F217CC3C05007E567B</string>
				<string>472F32F417CC3C05007E567B</string>
				<string>472F32F617CC3C05007E567B</string>
				<string>472F32F917CC3C05007E567B</string>
				<string>472F32FC17CC3C05007E567B</string>
				<string>472F332617CC3CF8007E567B</string>
				<string>476FC87117CC41F200EA5251</string>
			</array>
			<key>isa</key>
			<string>PBXResourcesBuildPhase</string>
			<key>runOnlyForDeploymentPostprocessing</key>
			<string>0</string>
		</dict>
		<key>472F32DB17CC3C05007E567B</key>
		<dict>
			<key>buildConfigurationList</key>
			<string>472F330217CC3C05007E567B</string>
			<key>buildPhases</key>
			<array>
				<string>EAF40324CB20498DBB8B0624</string>
				<string>472F32D817CC3C05007E567B</string>
				<string>472F32D917CC3C05007E567B</string>
				<string>472F32DA17CC3C05007E567B</string>
				<string>02F8C588926E4F94A911AFB7</string>
			</array>
			<key>buildRules</key>
			<array/>
			<key>dependencies</key>
			<array/>
			<key>isa</key>
			<string>PBXNativeTarget</string>
			<key>name</key>
			<string>Cement Fine butler</string>
			<key>productName</key>
			<string>Cement Fine butler</string>
			<key>productReference</key>
			<string>472F32DC17CC3C05007E567B</string>
			<key>productType</key>
			<string>com.apple.product-type.application</string>
		</dict>
		<key>472F32DC17CC3C05007E567B</key>
		<dict>
			<key>explicitFileType</key>
			<string>wrapper.application</string>
			<key>includeInIndex</key>
			<string>0</string>
			<key>isa</key>
			<string>PBXFileReference</string>
			<key>path</key>
			<string>Cement Fine butler.app</string>
			<key>sourceTree</key>
			<string>BUILT_PRODUCTS_DIR</string>
		</dict>
		<key>472F32DD17CC3C05007E567B</key>
		<dict>
			<key>children</key>
			<array>
				<string>472F32DC17CC3C05007E567B</string>
			</array>
			<key>isa</key>
			<string>PBXGroup</string>
			<key>name</key>
			<string>Products</string>
			<key>sourceTree</key>
			<string>&lt;group&gt;</string>
		</dict>
		<key>472F32DE17CC3C05007E567B</key>
		<dict>
			<key>children</key>
			<array>
				<string>472F32DF17CC3C05007E567B</string>
				<string>472F32E117CC3C05007E567B</string>
				<string>472F32E317CC3C05007E567B</string>
				<string>D06A687F60314FAF8F9407BD</string>
			</array>
			<key>isa</key>
			<string>PBXGroup</string>
			<key>name</key>
			<string>Frameworks</string>
			<key>sourceTree</key>
			<string>&lt;group&gt;</string>
		</dict>
		<key>472F32DF17CC3C05007E567B</key>
		<dict>
			<key>isa</key>
			<string>PBXFileReference</string>
			<key>lastKnownFileType</key>
			<string>wrapper.framework</string>
			<key>name</key>
			<string>UIKit.framework</string>
			<key>path</key>
			<string>System/Library/Frameworks/UIKit.framework</string>
			<key>sourceTree</key>
			<string>SDKROOT</string>
		</dict>
		<key>472F32E017CC3C05007E567B</key>
		<dict>
			<key>fileRef</key>
			<string>472F32DF17CC3C05007E567B</string>
			<key>isa</key>
			<string>PBXBuildFile</string>
		</dict>
		<key>472F32E117CC3C05007E567B</key>
		<dict>
			<key>isa</key>
			<string>PBXFileReference</string>
			<key>lastKnownFileType</key>
			<string>wrapper.framework</string>
			<key>name</key>
			<string>Foundation.framework</string>
			<key>path</key>
			<string>System/Library/Frameworks/Foundation.framework</string>
			<key>sourceTree</key>
			<string>SDKROOT</string>
		</dict>
		<key>472F32E217CC3C05007E567B</key>
		<dict>
			<key>fileRef</key>
			<string>472F32E117CC3C05007E567B</string>
			<key>isa</key>
			<string>PBXBuildFile</string>
		</dict>
		<key>472F32E317CC3C05007E567B</key>
		<dict>
			<key>isa</key>
			<string>PBXFileReference</string>
			<key>lastKnownFileType</key>
			<string>wrapper.framework</string>
			<key>name</key>
			<string>CoreGraphics.framework</string>
			<key>path</key>
			<string>System/Library/Frameworks/CoreGraphics.framework</string>
			<key>sourceTree</key>
			<string>SDKROOT</string>
		</dict>
		<key>472F32E417CC3C05007E567B</key>
		<dict>
			<key>fileRef</key>
			<string>472F32E317CC3C05007E567B</string>
			<key>isa</key>
			<string>PBXBuildFile</string>
		</dict>
		<key>472F32E517CC3C05007E567B</key>
		<dict>
			<key>children</key>
			<array>
				<string>476FC86717CC41E200EA5251</string>
				<string>472F32EE17CC3C05007E567B</string>
				<string>472F32EF17CC3C05007E567B</string>
				<string>472F32F717CC3C05007E567B</string>
				<string>472F32FA17CC3C05007E567B</string>
				<string>472F32FD17CC3C05007E567B</string>
				<string>472F32FE17CC3C05007E567B</string>
				<string>472F32E617CC3C05007E567B</string>
			</array>
			<key>isa</key>
			<string>PBXGroup</string>
			<key>path</key>
			<string>Cement Fine butler</string>
			<key>sourceTree</key>
			<string>&lt;group&gt;</string>
		</dict>
		<key>472F32E617CC3C05007E567B</key>
		<dict>
			<key>children</key>
			<array>
				<string>472F32E717CC3C05007E567B</string>
				<string>472F32E817CC3C05007E567B</string>
				<string>472F32EB17CC3C05007E567B</string>
				<string>472F32ED17CC3C05007E567B</string>
				<string>472F32F117CC3C05007E567B</string>
				<string>472F32F317CC3C05007E567B</string>
				<string>472F32F517CC3C05007E567B</string>
			</array>
			<key>isa</key>
			<string>PBXGroup</string>
			<key>name</key>
			<string>Supporting Files</string>
			<key>sourceTree</key>
			<string>&lt;group&gt;</string>
		</dict>
		<key>472F32E717CC3C05007E567B</key>
		<dict>
			<key>isa</key>
			<string>PBXFileReference</string>
			<key>lastKnownFileType</key>
			<string>text.plist.xml</string>
			<key>path</key>
			<string>Cement Fine butler-Info.plist</string>
			<key>sourceTree</key>
			<string>&lt;group&gt;</string>
		</dict>
		<key>472F32E817CC3C05007E567B</key>
		<dict>
			<key>children</key>
			<array>
				<string>472F32E917CC3C05007E567B</string>
			</array>
			<key>isa</key>
			<string>PBXVariantGroup</string>
			<key>name</key>
			<string>InfoPlist.strings</string>
			<key>sourceTree</key>
			<string>&lt;group&gt;</string>
		</dict>
		<key>472F32E917CC3C05007E567B</key>
		<dict>
			<key>isa</key>
			<string>PBXFileReference</string>
			<key>lastKnownFileType</key>
			<string>text.plist.strings</string>
			<key>name</key>
			<string>en</string>
			<key>path</key>
			<string>en.lproj/InfoPlist.strings</string>
			<key>sourceTree</key>
			<string>&lt;group&gt;</string>
		</dict>
		<key>472F32EA17CC3C05007E567B</key>
		<dict>
			<key>fileRef</key>
			<string>472F32E817CC3C05007E567B</string>
			<key>isa</key>
			<string>PBXBuildFile</string>
		</dict>
		<key>472F32EB17CC3C05007E567B</key>
		<dict>
			<key>isa</key>
			<string>PBXFileReference</string>
			<key>lastKnownFileType</key>
			<string>sourcecode.c.objc</string>
			<key>path</key>
			<string>main.m</string>
			<key>sourceTree</key>
			<string>&lt;group&gt;</string>
		</dict>
		<key>472F32EC17CC3C05007E567B</key>
		<dict>
			<key>fileRef</key>
			<string>472F32EB17CC3C05007E567B</string>
			<key>isa</key>
			<string>PBXBuildFile</string>
		</dict>
		<key>472F32ED17CC3C05007E567B</key>
		<dict>
			<key>isa</key>
			<string>PBXFileReference</string>
			<key>lastKnownFileType</key>
			<string>sourcecode.c.h</string>
			<key>path</key>
			<string>Cement Fine butler-Prefix.pch</string>
			<key>sourceTree</key>
			<string>&lt;group&gt;</string>
		</dict>
		<key>472F32EE17CC3C05007E567B</key>
		<dict>
			<key>isa</key>
			<string>PBXFileReference</string>
			<key>lastKnownFileType</key>
			<string>sourcecode.c.h</string>
			<key>path</key>
			<string>CementAppDelegate.h</string>
			<key>sourceTree</key>
			<string>&lt;group&gt;</string>
		</dict>
		<key>472F32EF17CC3C05007E567B</key>
		<dict>
			<key>isa</key>
			<string>PBXFileReference</string>
			<key>lastKnownFileType</key>
			<string>sourcecode.c.objc</string>
			<key>path</key>
			<string>CementAppDelegate.m</string>
			<key>sourceTree</key>
			<string>&lt;group&gt;</string>
		</dict>
		<key>472F32F017CC3C05007E567B</key>
		<dict>
			<key>fileRef</key>
			<string>472F32EF17CC3C05007E567B</string>
			<key>isa</key>
			<string>PBXBuildFile</string>
		</dict>
		<key>472F32F117CC3C05007E567B</key>
		<dict>
			<key>isa</key>
			<string>PBXFileReference</string>
			<key>lastKnownFileType</key>
			<string>image.png</string>
			<key>path</key>
			<string>Default.png</string>
			<key>sourceTree</key>
			<string>&lt;group&gt;</string>
		</dict>
		<key>472F32F217CC3C05007E567B</key>
		<dict>
			<key>fileRef</key>
			<string>472F32F117CC3C05007E567B</string>
			<key>isa</key>
			<string>PBXBuildFile</string>
		</dict>
		<key>472F32F317CC3C05007E567B</key>
		<dict>
			<key>isa</key>
			<string>PBXFileReference</string>
			<key>lastKnownFileType</key>
			<string>image.png</string>
			<key>path</key>
			<string>Default@2x.png</string>
			<key>sourceTree</key>
			<string>&lt;group&gt;</string>
		</dict>
		<key>472F32F417CC3C05007E567B</key>
		<dict>
			<key>fileRef</key>
			<string>472F32F317CC3C05007E567B</string>
			<key>isa</key>
			<string>PBXBuildFile</string>
		</dict>
		<key>472F32F517CC3C05007E567B</key>
		<dict>
			<key>isa</key>
			<string>PBXFileReference</string>
			<key>lastKnownFileType</key>
			<string>image.png</string>
			<key>path</key>
			<string>Default-568h@2x.png</string>
			<key>sourceTree</key>
			<string>&lt;group&gt;</string>
		</dict>
		<key>472F32F617CC3C05007E567B</key>
		<dict>
			<key>fileRef</key>
			<string>472F32F517CC3C05007E567B</string>
			<key>isa</key>
			<string>PBXBuildFile</string>
		</dict>
		<key>472F32F717CC3C05007E567B</key>
		<dict>
			<key>children</key>
			<array>
				<string>472F32F817CC3C05007E567B</string>
			</array>
			<key>isa</key>
			<string>PBXVariantGroup</string>
			<key>name</key>
			<string>MainStoryboard_iPhone.storyboard</string>
			<key>sourceTree</key>
			<string>&lt;group&gt;</string>
		</dict>
		<key>472F32F817CC3C05007E567B</key>
		<dict>
			<key>isa</key>
			<string>PBXFileReference</string>
			<key>lastKnownFileType</key>
			<string>file.storyboard</string>
			<key>name</key>
			<string>en</string>
			<key>path</key>
			<string>en.lproj/MainStoryboard_iPhone.storyboard</string>
			<key>sourceTree</key>
			<string>&lt;group&gt;</string>
		</dict>
		<key>472F32F917CC3C05007E567B</key>
		<dict>
			<key>fileRef</key>
			<string>472F32F717CC3C05007E567B</string>
			<key>isa</key>
			<string>PBXBuildFile</string>
		</dict>
		<key>472F32FA17CC3C05007E567B</key>
		<dict>
			<key>children</key>
			<array>
				<string>472F32FB17CC3C05007E567B</string>
			</array>
			<key>isa</key>
			<string>PBXVariantGroup</string>
			<key>name</key>
			<string>MainStoryboard_iPad.storyboard</string>
			<key>sourceTree</key>
			<string>&lt;group&gt;</string>
		</dict>
		<key>472F32FB17CC3C05007E567B</key>
		<dict>
			<key>isa</key>
			<string>PBXFileReference</string>
			<key>lastKnownFileType</key>
			<string>file.storyboard</string>
			<key>name</key>
			<string>en</string>
			<key>path</key>
			<string>en.lproj/MainStoryboard_iPad.storyboard</string>
			<key>sourceTree</key>
			<string>&lt;group&gt;</string>
		</dict>
		<key>472F32FC17CC3C05007E567B</key>
		<dict>
			<key>fileRef</key>
			<string>472F32FA17CC3C05007E567B</string>
			<key>isa</key>
			<string>PBXBuildFile</string>
		</dict>
		<key>472F32FD17CC3C05007E567B</key>
		<dict>
			<key>isa</key>
			<string>PBXFileReference</string>
			<key>lastKnownFileType</key>
			<string>sourcecode.c.h</string>
			<key>path</key>
			<string>CementViewController.h</string>
			<key>sourceTree</key>
			<string>&lt;group&gt;</string>
		</dict>
		<key>472F32FE17CC3C05007E567B</key>
		<dict>
			<key>isa</key>
			<string>PBXFileReference</string>
			<key>lastKnownFileType</key>
			<string>sourcecode.cpp.objcpp</string>
			<key>path</key>
			<string>CementViewController.mm</string>
			<key>sourceTree</key>
			<string>&lt;group&gt;</string>
		</dict>
		<key>472F32FF17CC3C05007E567B</key>
		<dict>
			<key>fileRef</key>
			<string>472F32FE17CC3C05007E567B</string>
			<key>isa</key>
			<string>PBXBuildFile</string>
		</dict>
		<key>472F330017CC3C05007E567B</key>
		<dict>
			<key>buildSettings</key>
			<dict>
				<key>ALWAYS_SEARCH_USER_PATHS</key>
				<string>NO</string>
				<key>CLANG_CXX_LANGUAGE_STANDARD</key>
				<string>gnu++0x</string>
				<key>CLANG_CXX_LIBRARY</key>
				<string>libc++</string>
				<key>CLANG_ENABLE_OBJC_ARC</key>
				<string>YES</string>
				<key>CLANG_WARN_CONSTANT_CONVERSION</key>
				<string>YES</string>
				<key>CLANG_WARN_EMPTY_BODY</key>
				<string>YES</string>
				<key>CLANG_WARN_ENUM_CONVERSION</key>
				<string>YES</string>
				<key>CLANG_WARN_INT_CONVERSION</key>
				<string>YES</string>
				<key>CLANG_WARN__DUPLICATE_METHOD_MATCH</key>
				<string>YES</string>
				<key>CODE_SIGN_IDENTITY[sdk=iphoneos*]</key>
				<string>iPhone Developer</string>
				<key>COPY_PHASE_STRIP</key>
				<string>NO</string>
				<key>GCC_C_LANGUAGE_STANDARD</key>
				<string>gnu99</string>
				<key>GCC_DYNAMIC_NO_PIC</key>
				<string>NO</string>
				<key>GCC_OPTIMIZATION_LEVEL</key>
				<string>0</string>
				<key>GCC_PREPROCESSOR_DEFINITIONS</key>
				<array>
					<string>DEBUG=1</string>
					<string>$(inherited)</string>
				</array>
				<key>GCC_SYMBOLS_PRIVATE_EXTERN</key>
				<string>NO</string>
				<key>GCC_WARN_ABOUT_RETURN_TYPE</key>
				<string>YES</string>
				<key>GCC_WARN_UNINITIALIZED_AUTOS</key>
				<string>YES</string>
				<key>GCC_WARN_UNUSED_VARIABLE</key>
				<string>YES</string>
				<key>IPHONEOS_DEPLOYMENT_TARGET</key>
				<string>6.1</string>
				<key>ONLY_ACTIVE_ARCH</key>
				<string>YES</string>
				<key>SDKROOT</key>
				<string>iphoneos</string>
				<key>TARGETED_DEVICE_FAMILY</key>
				<string>1,2</string>
			</dict>
			<key>isa</key>
			<string>XCBuildConfiguration</string>
			<key>name</key>
			<string>Debug</string>
		</dict>
		<key>472F330117CC3C05007E567B</key>
		<dict>
			<key>buildSettings</key>
			<dict>
				<key>ALWAYS_SEARCH_USER_PATHS</key>
				<string>NO</string>
				<key>CLANG_CXX_LANGUAGE_STANDARD</key>
				<string>gnu++0x</string>
				<key>CLANG_CXX_LIBRARY</key>
				<string>libc++</string>
				<key>CLANG_ENABLE_OBJC_ARC</key>
				<string>YES</string>
				<key>CLANG_WARN_CONSTANT_CONVERSION</key>
				<string>YES</string>
				<key>CLANG_WARN_EMPTY_BODY</key>
				<string>YES</string>
				<key>CLANG_WARN_ENUM_CONVERSION</key>
				<string>YES</string>
				<key>CLANG_WARN_INT_CONVERSION</key>
				<string>YES</string>
				<key>CLANG_WARN__DUPLICATE_METHOD_MATCH</key>
				<string>YES</string>
				<key>CODE_SIGN_IDENTITY[sdk=iphoneos*]</key>
				<string>iPhone Developer</string>
				<key>COPY_PHASE_STRIP</key>
				<string>YES</string>
				<key>GCC_C_LANGUAGE_STANDARD</key>
				<string>gnu99</string>
				<key>GCC_WARN_ABOUT_RETURN_TYPE</key>
				<string>YES</string>
				<key>GCC_WARN_UNINITIALIZED_AUTOS</key>
				<string>YES</string>
				<key>GCC_WARN_UNUSED_VARIABLE</key>
				<string>YES</string>
				<key>IPHONEOS_DEPLOYMENT_TARGET</key>
				<string>6.1</string>
				<key>OTHER_CFLAGS</key>
				<string>-DNS_BLOCK_ASSERTIONS=1</string>
				<key>SDKROOT</key>
				<string>iphoneos</string>
				<key>TARGETED_DEVICE_FAMILY</key>
				<string>1,2</string>
				<key>VALIDATE_PRODUCT</key>
				<string>YES</string>
			</dict>
			<key>isa</key>
			<string>XCBuildConfiguration</string>
			<key>name</key>
			<string>Release</string>
		</dict>
		<key>472F330217CC3C05007E567B</key>
		<dict>
			<key>buildConfigurations</key>
			<array>
				<string>472F330317CC3C05007E567B</string>
				<string>472F330417CC3C05007E567B</string>
			</array>
			<key>defaultConfigurationIsVisible</key>
			<string>0</string>
			<key>defaultConfigurationName</key>
			<string>Release</string>
			<key>isa</key>
			<string>XCConfigurationList</string>
		</dict>
		<key>472F330317CC3C05007E567B</key>
		<dict>
			<key>baseConfigurationReference</key>
			<string>46EE0A7152E64BF8A14AF965</string>
			<key>buildSettings</key>
			<dict>
				<key>GCC_PRECOMPILE_PREFIX_HEADER</key>
				<string>YES</string>
				<key>GCC_PREFIX_HEADER</key>
				<string>Cement Fine butler/Cement Fine butler-Prefix.pch</string>
				<key>INFOPLIST_FILE</key>
				<string>Cement Fine butler/Cement Fine butler-Info.plist</string>
				<key>LIBRARY_SEARCH_PATHS</key>
				<array>
					<string>$(inherited)</string>
					<string>"$(SRCROOT)"</string>
				</array>
				<key>PRODUCT_NAME</key>
				<string>$(TARGET_NAME)</string>
				<key>WRAPPER_EXTENSION</key>
				<string>app</string>
				<key>dis</key>
				<string></string>
			</dict>
			<key>isa</key>
			<string>XCBuildConfiguration</string>
			<key>name</key>
			<string>Debug</string>
		</dict>
		<key>472F330417CC3C05007E567B</key>
		<dict>
			<key>baseConfigurationReference</key>
			<string>46EE0A7152E64BF8A14AF965</string>
			<key>buildSettings</key>
			<dict>
				<key>GCC_PRECOMPILE_PREFIX_HEADER</key>
				<string>YES</string>
				<key>GCC_PREFIX_HEADER</key>
				<string>Cement Fine butler/Cement Fine butler-Prefix.pch</string>
				<key>INFOPLIST_FILE</key>
				<string>Cement Fine butler/Cement Fine butler-Info.plist</string>
				<key>LIBRARY_SEARCH_PATHS</key>
				<array>
					<string>$(inherited)</string>
					<string>"$(SRCROOT)"</string>
				</array>
				<key>PRODUCT_NAME</key>
				<string>$(TARGET_NAME)</string>
				<key>WRAPPER_EXTENSION</key>
				<string>app</string>
				<key>dis</key>
				<string></string>
			</dict>
			<key>isa</key>
			<string>XCBuildConfiguration</string>
			<key>name</key>
			<string>Release</string>
		</dict>
		<key>472F330517CC3CF8007E567B</key>
		<dict>
			<key>children</key>
			<array>
				<string>472F330617CC3CF8007E567B</string>
				<string>472F330717CC3CF8007E567B</string>
				<string>472F330817CC3CF8007E567B</string>
				<string>472F330917CC3CF8007E567B</string>
				<string>472F330A17CC3CF8007E567B</string>
				<string>472F330B17CC3CF8007E567B</string>
				<string>472F330C17CC3CF8007E567B</string>
				<string>472F330D17CC3CF8007E567B</string>
				<string>472F330E17CC3CF8007E567B</string>
				<string>472F330F17CC3CF8007E567B</string>
				<string>472F331017CC3CF8007E567B</string>
				<string>472F331117CC3CF8007E567B</string>
				<string>472F331217CC3CF8007E567B</string>
				<string>472F331317CC3CF8007E567B</string>
				<string>472F331417CC3CF8007E567B</string>
				<string>472F331517CC3CF8007E567B</string>
				<string>472F331617CC3CF8007E567B</string>
				<string>472F331717CC3CF8007E567B</string>
				<string>472F331817CC3CF8007E567B</string>
				<string>472F331917CC3CF8007E567B</string>
				<string>472F331A17CC3CF8007E567B</string>
				<string>472F331B17CC3CF8007E567B</string>
				<string>472F331C17CC3CF8007E567B</string>
				<string>472F331D17CC3CF8007E567B</string>
				<string>472F331E17CC3CF8007E567B</string>
				<string>472F331F17CC3CF8007E567B</string>
				<string>472F332017CC3CF8007E567B</string>
				<string>472F332117CC3CF8007E567B</string>
				<string>472F332217CC3CF8007E567B</string>
			</array>
			<key>isa</key>
			<string>PBXGroup</string>
			<key>path</key>
			<string>inc</string>
			<key>sourceTree</key>
			<string>&lt;group&gt;</string>
		</dict>
		<key>472F330617CC3CF8007E567B</key>
		<dict>
			<key>fileEncoding</key>
			<string>4</string>
			<key>isa</key>
			<string>PBXFileReference</string>
			<key>lastKnownFileType</key>
			<string>sourcecode.c.h</string>
			<key>path</key>
			<string>BMapKit.h</string>
			<key>sourceTree</key>
			<string>&lt;group&gt;</string>
		</dict>
		<key>472F330717CC3CF8007E567B</key>
		<dict>
			<key>fileEncoding</key>
			<string>4</string>
			<key>isa</key>
			<string>PBXFileReference</string>
			<key>lastKnownFileType</key>
			<string>sourcecode.c.h</string>
			<key>path</key>
			<string>BMKAnnotation.h</string>
			<key>sourceTree</key>
			<string>&lt;group&gt;</string>
		</dict>
		<key>472F330817CC3CF8007E567B</key>
		<dict>
			<key>fileEncoding</key>
			<string>4</string>
			<key>isa</key>
			<string>PBXFileReference</string>
			<key>lastKnownFileType</key>
			<string>sourcecode.c.h</string>
			<key>path</key>
			<string>BMKAnnotationView.h</string>
			<key>sourceTree</key>
			<string>&lt;group&gt;</string>
		</dict>
		<key>472F330917CC3CF8007E567B</key>
		<dict>
			<key>fileEncoding</key>
			<string>4</string>
			<key>isa</key>
			<string>PBXFileReference</string>
			<key>lastKnownFileType</key>
			<string>sourcecode.c.h</string>
			<key>path</key>
			<string>BMKCircle.h</string>
			<key>sourceTree</key>
			<string>&lt;group&gt;</string>
		</dict>
		<key>472F330A17CC3CF8007E567B</key>
		<dict>
			<key>fileEncoding</key>
			<string>4</string>
			<key>isa</key>
			<string>PBXFileReference</string>
			<key>lastKnownFileType</key>
			<string>sourcecode.c.h</string>
			<key>path</key>
			<string>BMKCircleView.h</string>
			<key>sourceTree</key>
			<string>&lt;group&gt;</string>
		</dict>
		<key>472F330B17CC3CF8007E567B</key>
		<dict>
			<key>fileEncoding</key>
			<string>4</string>
			<key>isa</key>
			<string>PBXFileReference</string>
			<key>lastKnownFileType</key>
			<string>sourcecode.c.h</string>
			<key>path</key>
			<string>BMKGeneralDelegate.h</string>
			<key>sourceTree</key>
			<string>&lt;group&gt;</string>
		</dict>
		<key>472F330C17CC3CF8007E567B</key>
		<dict>
			<key>fileEncoding</key>
			<string>4</string>
			<key>isa</key>
			<string>PBXFileReference</string>
			<key>lastKnownFileType</key>
			<string>sourcecode.c.h</string>
			<key>path</key>
			<string>BMKGeocodeType.h</string>
			<key>sourceTree</key>
			<string>&lt;group&gt;</string>
		</dict>
		<key>472F330D17CC3CF8007E567B</key>
		<dict>
			<key>fileEncoding</key>
			<string>4</string>
			<key>isa</key>
			<string>PBXFileReference</string>
			<key>lastKnownFileType</key>
			<string>sourcecode.c.h</string>
			<key>path</key>
			<string>BMKGeometry.h</string>
			<key>sourceTree</key>
			<string>&lt;group&gt;</string>
		</dict>
		<key>472F330E17CC3CF8007E567B</key>
		<dict>
			<key>fileEncoding</key>
			<string>4</string>
			<key>isa</key>
			<string>PBXFileReference</string>
			<key>lastKnownFileType</key>
			<string>sourcecode.c.h</string>
			<key>path</key>
			<string>BMKMapManager.h</string>
			<key>sourceTree</key>
			<string>&lt;group&gt;</string>
		</dict>
		<key>472F330F17CC3CF8007E567B</key>
		<dict>
			<key>fileEncoding</key>
			<string>4</string>
			<key>isa</key>
			<string>PBXFileReference</string>
			<key>lastKnownFileType</key>
			<string>sourcecode.c.h</string>
			<key>path</key>
			<string>BMKMapView.h</string>
			<key>sourceTree</key>
			<string>&lt;group&gt;</string>
		</dict>
		<key>472F331017CC3CF8007E567B</key>
		<dict>
			<key>fileEncoding</key>
			<string>4</string>
			<key>isa</key>
			<string>PBXFileReference</string>
			<key>lastKnownFileType</key>
			<string>sourcecode.c.h</string>
			<key>path</key>
			<string>BMKMultiPoint.h</string>
			<key>sourceTree</key>
			<string>&lt;group&gt;</string>
		</dict>
		<key>472F331117CC3CF8007E567B</key>
		<dict>
			<key>fileEncoding</key>
			<string>4</string>
			<key>isa</key>
			<string>PBXFileReference</string>
			<key>lastKnownFileType</key>
			<string>sourcecode.c.h</string>
			<key>path</key>
			<string>BMKOfflineMap.h</string>
			<key>sourceTree</key>
			<string>&lt;group&gt;</string>
		</dict>
		<key>472F331217CC3CF8007E567B</key>
		<dict>
			<key>fileEncoding</key>
			<string>4</string>
			<key>isa</key>
			<string>PBXFileReference</string>
			<key>lastKnownFileType</key>
			<string>sourcecode.c.h</string>
			<key>path</key>
			<string>BMKOfflineMapType.h</string>
			<key>sourceTree</key>
			<string>&lt;group&gt;</string>
		</dict>
		<key>472F331317CC3CF8007E567B</key>
		<dict>
			<key>fileEncoding</key>
			<string>4</string>
			<key>isa</key>
			<string>PBXFileReference</string>
			<key>lastKnownFileType</key>
			<string>sourcecode.c.h</string>
			<key>path</key>
			<string>BMKOverlay.h</string>
			<key>sourceTree</key>
			<string>&lt;group&gt;</string>
		</dict>
		<key>472F331417CC3CF8007E567B</key>
		<dict>
			<key>fileEncoding</key>
			<string>4</string>
			<key>isa</key>
			<string>PBXFileReference</string>
			<key>lastKnownFileType</key>
			<string>sourcecode.c.h</string>
			<key>path</key>
			<string>BMKOverlayPathView.h</string>
			<key>sourceTree</key>
			<string>&lt;group&gt;</string>
		</dict>
		<key>472F331517CC3CF8007E567B</key>
		<dict>
			<key>fileEncoding</key>
			<string>4</string>
			<key>isa</key>
			<string>PBXFileReference</string>
			<key>lastKnownFileType</key>
			<string>sourcecode.c.h</string>
			<key>path</key>
			<string>BMKOverlayView.h</string>
			<key>sourceTree</key>
			<string>&lt;group&gt;</string>
		</dict>
		<key>472F331617CC3CF8007E567B</key>
		<dict>
			<key>fileEncoding</key>
			<string>4</string>
			<key>isa</key>
			<string>PBXFileReference</string>
			<key>lastKnownFileType</key>
			<string>sourcecode.c.h</string>
			<key>path</key>
			<string>BMKPinAnnotationView.h</string>
			<key>sourceTree</key>
			<string>&lt;group&gt;</string>
		</dict>
		<key>472F331717CC3CF8007E567B</key>
		<dict>
			<key>fileEncoding</key>
			<string>4</string>
			<key>isa</key>
			<string>PBXFileReference</string>
			<key>lastKnownFileType</key>
			<string>sourcecode.c.h</string>
			<key>path</key>
			<string>BMKPointAnnotation.h</string>
			<key>sourceTree</key>
			<string>&lt;group&gt;</string>
		</dict>
		<key>472F331817CC3CF8007E567B</key>
		<dict>
			<key>fileEncoding</key>
			<string>4</string>
			<key>isa</key>
			<string>PBXFileReference</string>
			<key>lastKnownFileType</key>
			<string>sourcecode.c.h</string>
			<key>path</key>
			<string>BMKPoiSearchType.h</string>
			<key>sourceTree</key>
			<string>&lt;group&gt;</string>
		</dict>
		<key>472F331917CC3CF8007E567B</key>
		<dict>
			<key>fileEncoding</key>
			<string>4</string>
			<key>isa</key>
			<string>PBXFileReference</string>
			<key>lastKnownFileType</key>
			<string>sourcecode.c.h</string>
			<key>path</key>
			<string>BMKPolygon.h</string>
			<key>sourceTree</key>
			<string>&lt;group&gt;</string>
		</dict>
		<key>472F331A17CC3CF8007E567B</key>
		<dict>
			<key>fileEncoding</key>
			<string>4</string>
			<key>isa</key>
			<string>PBXFileReference</string>
			<key>lastKnownFileType</key>
			<string>sourcecode.c.h</string>
			<key>path</key>
			<string>BMKPolygonView.h</string>
			<key>sourceTree</key>
			<string>&lt;group&gt;</string>
		</dict>
		<key>472F331B17CC3CF8007E567B</key>
		<dict>
			<key>fileEncoding</key>
			<string>4</string>
			<key>isa</key>
			<string>PBXFileReference</string>
			<key>lastKnownFileType</key>
			<string>sourcecode.c.h</string>
			<key>path</key>
			<string>BMKPolyline.h</string>
			<key>sourceTree</key>
			<string>&lt;group&gt;</string>
		</dict>
		<key>472F331C17CC3CF8007E567B</key>
		<dict>
			<key>fileEncoding</key>
			<string>4</string>
			<key>isa</key>
			<string>PBXFileReference</string>
			<key>lastKnownFileType</key>
			<string>sourcecode.c.h</string>
			<key>path</key>
			<string>BMKPolylineView.h</string>
			<key>sourceTree</key>
			<string>&lt;group&gt;</string>
		</dict>
		<key>472F331D17CC3CF8007E567B</key>
		<dict>
			<key>fileEncoding</key>
			<string>4</string>
			<key>isa</key>
			<string>PBXFileReference</string>
			<key>lastKnownFileType</key>
			<string>sourcecode.c.h</string>
			<key>path</key>
			<string>BMKRouteSearchType.h</string>
			<key>sourceTree</key>
			<string>&lt;group&gt;</string>
		</dict>
		<key>472F331E17CC3CF8007E567B</key>
		<dict>
			<key>fileEncoding</key>
			<string>4</string>
			<key>isa</key>
			<string>PBXFileReference</string>
			<key>lastKnownFileType</key>
			<string>sourcecode.c.h</string>
			<key>path</key>
			<string>BMKSearch.h</string>
			<key>sourceTree</key>
			<string>&lt;group&gt;</string>
		</dict>
		<key>472F331F17CC3CF8007E567B</key>
		<dict>
			<key>fileEncoding</key>
			<string>4</string>
			<key>isa</key>
			<string>PBXFileReference</string>
			<key>lastKnownFileType</key>
			<string>sourcecode.c.h</string>
			<key>path</key>
			<string>BMKShape.h</string>
			<key>sourceTree</key>
			<string>&lt;group&gt;</string>
		</dict>
		<key>472F332017CC3CF8007E567B</key>
		<dict>
			<key>fileEncoding</key>
			<string>4</string>
			<key>isa</key>
			<string>PBXFileReference</string>
			<key>lastKnownFileType</key>
			<string>sourcecode.c.h</string>
			<key>path</key>
			<string>BMKTypes.h</string>
			<key>sourceTree</key>
			<string>&lt;group&gt;</string>
		</dict>
		<key>472F332117CC3CF8007E567B</key>
		<dict>
			<key>fileEncoding</key>
			<string>4</string>
			<key>isa</key>
			<string>PBXFileReference</string>
			<key>lastKnownFileType</key>
			<string>sourcecode.c.h</string>
			<key>path</key>
			<string>BMKUserLocation.h</string>
			<key>sourceTree</key>
			<string>&lt;group&gt;</string>
		</dict>
		<key>472F332217CC3CF8007E567B</key>
		<dict>
			<key>fileEncoding</key>
			<string>4</string>
			<key>isa</key>
			<string>PBXFileReference</string>
			<key>lastKnownFileType</key>
			<string>sourcecode.c.h</string>
			<key>path</key>
			<string>BMKVersion.h</string>
			<key>sourceTree</key>
			<string>&lt;group&gt;</string>
		</dict>
		<key>472F332317CC3CF8007E567B</key>
		<dict>
			<key>isa</key>
			<string>PBXFileReference</string>
			<key>lastKnownFileType</key>
			<string>archive.ar</string>
			<key>path</key>
			<string>libbaidumapapi.a</string>
			<key>sourceTree</key>
			<string>&lt;group&gt;</string>
		</dict>
		<key>472F332417CC3CF8007E567B</key>
		<dict>
			<key>isa</key>
			<string>PBXFileReference</string>
			<key>lastKnownFileType</key>
			<string>wrapper.plug-in</string>
			<key>path</key>
			<string>mapapi.bundle</string>
			<key>sourceTree</key>
			<string>&lt;group&gt;</string>
		</dict>
		<key>472F332517CC3CF8007E567B</key>
		<dict>
			<key>fileRef</key>
			<string>472F332317CC3CF8007E567B</string>
			<key>isa</key>
			<string>PBXBuildFile</string>
		</dict>
		<key>472F332617CC3CF8007E567B</key>
		<dict>
			<key>fileRef</key>
			<string>472F332417CC3CF8007E567B</string>
			<key>isa</key>
			<string>PBXBuildFile</string>
		</dict>
		<key>472F332717CC3D02007E567B</key>
		<dict>
			<key>children</key>
			<array>
				<string>472F332E17CC3D48007E567B</string>
				<string>472F332C17CC3D40007E567B</string>
				<string>472F332A17CC3D3A007E567B</string>
				<string>472F332817CC3D34007E567B</string>
				<string>472F330517CC3CF8007E567B</string>
				<string>472F332317CC3CF8007E567B</string>
				<string>472F332417CC3CF8007E567B</string>
			</array>
			<key>isa</key>
			<string>PBXGroup</string>
			<key>name</key>
			<string>BaiduMap</string>
			<key>sourceTree</key>
			<string>&lt;group&gt;</string>
		</dict>
		<key>472F332817CC3D34007E567B</key>
		<dict>
			<key>isa</key>
			<string>PBXFileReference</string>
			<key>lastKnownFileType</key>
			<string>wrapper.framework</string>
			<key>name</key>
			<string>SystemConfiguration.framework</string>
			<key>path</key>
			<string>System/Library/Frameworks/SystemConfiguration.framework</string>
			<key>sourceTree</key>
			<string>SDKROOT</string>
		</dict>
		<key>472F332917CC3D34007E567B</key>
		<dict>
			<key>fileRef</key>
			<string>472F332817CC3D34007E567B</string>
			<key>isa</key>
			<string>PBXBuildFile</string>
		</dict>
		<key>472F332A17CC3D3A007E567B</key>
		<dict>
			<key>isa</key>
			<string>PBXFileReference</string>
			<key>lastKnownFileType</key>
			<string>wrapper.framework</string>
			<key>name</key>
			<string>OpenGLES.framework</string>
			<key>path</key>
			<string>System/Library/Frameworks/OpenGLES.framework</string>
			<key>sourceTree</key>
			<string>SDKROOT</string>
		</dict>
		<key>472F332B17CC3D3A007E567B</key>
		<dict>
			<key>fileRef</key>
			<string>472F332A17CC3D3A007E567B</string>
			<key>isa</key>
			<string>PBXBuildFile</string>
		</dict>
		<key>472F332C17CC3D40007E567B</key>
		<dict>
			<key>isa</key>
			<string>PBXFileReference</string>
			<key>lastKnownFileType</key>
			<string>wrapper.framework</string>
			<key>name</key>
			<string>QuartzCore.framework</string>
			<key>path</key>
			<string>System/Library/Frameworks/QuartzCore.framework</string>
			<key>sourceTree</key>
			<string>SDKROOT</string>
		</dict>
		<key>472F332D17CC3D40007E567B</key>
		<dict>
			<key>fileRef</key>
			<string>472F332C17CC3D40007E567B</string>
			<key>isa</key>
			<string>PBXBuildFile</string>
		</dict>
		<key>472F332E17CC3D48007E567B</key>
		<dict>
			<key>isa</key>
			<string>PBXFileReference</string>
			<key>lastKnownFileType</key>
			<string>wrapper.framework</string>
			<key>name</key>
			<string>CoreLocation.framework</string>
			<key>path</key>
			<string>System/Library/Frameworks/CoreLocation.framework</string>
			<key>sourceTree</key>
			<string>SDKROOT</string>
		</dict>
		<key>472F332F17CC3D48007E567B</key>
		<dict>
			<key>fileRef</key>
			<string>472F332E17CC3D48007E567B</string>
			<key>isa</key>
			<string>PBXBuildFile</string>
		</dict>
		<key>476FC86717CC41E200EA5251</key>
		<dict>
			<key>children</key>
			<array>
				<string>476FC86817CC41F200EA5251</string>
				<string>476FC86917CC41F200EA5251</string>
				<string>476FC86A17CC41F200EA5251</string>
				<string>476FC86B17CC41F200EA5251</string>
				<string>476FC86C17CC41F200EA5251</string>
				<string>476FC86D17CC41F200EA5251</string>
				<string>476FC86E17CC41F200EA5251</string>
			</array>
			<key>isa</key>
			<string>PBXGroup</string>
			<key>name</key>
			<string>Map</string>
			<key>sourceTree</key>
			<string>&lt;group&gt;</string>
		</dict>
		<key>476FC86817CC41F200EA5251</key>
		<dict>
			<key>fileEncoding</key>
			<string>4</string>
			<key>isa</key>
			<string>PBXFileReference</string>
			<key>lastKnownFileType</key>
			<string>sourcecode.c.h</string>
			<key>path</key>
			<string>CalloutMapAnnotation.h</string>
			<key>sourceTree</key>
			<string>&lt;group&gt;</string>
		</dict>
		<key>476FC86917CC41F200EA5251</key>
		<dict>
			<key>fileEncoding</key>
			<string>4</string>
			<key>isa</key>
			<string>PBXFileReference</string>
			<key>lastKnownFileType</key>
			<string>sourcecode.c.objc</string>
			<key>path</key>
			<string>CalloutMapAnnotation.m</string>
			<key>sourceTree</key>
			<string>&lt;group&gt;</string>
		</dict>
		<key>476FC86A17CC41F200EA5251</key>
		<dict>
			<key>fileEncoding</key>
			<string>4</string>
			<key>isa</key>
			<string>PBXFileReference</string>
			<key>lastKnownFileType</key>
			<string>sourcecode.c.h</string>
			<key>path</key>
			<string>CallOutAnnotationView.h</string>
			<key>sourceTree</key>
			<string>&lt;group&gt;</string>
		</dict>
		<key>476FC86B17CC41F200EA5251</key>
		<dict>
			<key>fileEncoding</key>
			<string>4</string>
			<key>isa</key>
			<string>PBXFileReference</string>
			<key>lastKnownFileType</key>
			<string>sourcecode.c.objc</string>
			<key>path</key>
			<string>CallOutAnnotationView.m</string>
			<key>sourceTree</key>
			<string>&lt;group&gt;</string>
		</dict>
		<key>476FC86C17CC41F200EA5251</key>
		<dict>
			<key>fileEncoding</key>
			<string>4</string>
			<key>isa</key>
			<string>PBXFileReference</string>
			<key>lastKnownFileType</key>
			<string>file.xib</string>
			<key>path</key>
			<string>Cell.xib</string>
			<key>sourceTree</key>
			<string>&lt;group&gt;</string>
		</dict>
		<key>476FC86D17CC41F200EA5251</key>
		<dict>
			<key>fileEncoding</key>
			<string>4</string>
			<key>isa</key>
			<string>PBXFileReference</string>
			<key>lastKnownFileType</key>
			<string>sourcecode.c.h</string>
			<key>path</key>
			<string>Cell.h</string>
			<key>sourceTree</key>
			<string>&lt;group&gt;</string>
		</dict>
		<key>476FC86E17CC41F200EA5251</key>
		<dict>
			<key>fileEncoding</key>
			<string>4</string>
			<key>isa</key>
			<string>PBXFileReference</string>
			<key>lastKnownFileType</key>
			<string>sourcecode.c.objc</string>
			<key>path</key>
			<string>Cell.m</string>
			<key>sourceTree</key>
			<string>&lt;group&gt;</string>
		</dict>
		<key>476FC86F17CC41F200EA5251</key>
		<dict>
			<key>fileRef</key>
			<string>476FC86917CC41F200EA5251</string>
			<key>isa</key>
			<string>PBXBuildFile</string>
		</dict>
		<key>476FC87017CC41F200EA5251</key>
		<dict>
			<key>fileRef</key>
			<string>476FC86B17CC41F200EA5251</string>
			<key>isa</key>
			<string>PBXBuildFile</string>
		</dict>
		<key>476FC87117CC41F200EA5251</key>
		<dict>
			<key>fileRef</key>
			<string>476FC86C17CC41F200EA5251</string>
			<key>isa</key>
			<string>PBXBuildFile</string>
		</dict>
		<key>476FC87217CC41F200EA5251</key>
		<dict>
			<key>fileRef</key>
			<string>476FC86E17CC41F200EA5251</string>
			<key>isa</key>
			<string>PBXBuildFile</string>
		</dict>
		<key>4D09E885E1064B069A1C072C</key>
		<dict>
			<key>fileRef</key>
			<string>D06A687F60314FAF8F9407BD</string>
			<key>isa</key>
			<string>PBXBuildFile</string>
		</dict>
		<key>D06A687F60314FAF8F9407BD</key>
		<dict>
			<key>explicitFileType</key>
			<string>archive.ar</string>
			<key>includeInIndex</key>
			<string>0</string>
			<key>isa</key>
			<string>PBXFileReference</string>
			<key>path</key>
			<string>libPods.a</string>
			<key>sourceTree</key>
			<string>BUILT_PRODUCTS_DIR</string>
		</dict>
		<key>EAF40324CB20498DBB8B0624</key>
		<dict>
			<key>buildActionMask</key>
			<string>2147483647</string>
			<key>files</key>
			<array/>
			<key>inputPaths</key>
			<array/>
			<key>isa</key>
			<string>PBXShellScriptBuildPhase</string>
			<key>name</key>
			<string>Check Pods Manifest.lock</string>
			<key>outputPaths</key>
			<array/>
			<key>runOnlyForDeploymentPostprocessing</key>
			<string>0</string>
			<key>shellPath</key>
			<string>/bin/sh</string>
			<key>shellScript</key>
			<string>diff "${PODS_ROOT}/../Podfile.lock" "${PODS_ROOT}/Manifest.lock" &gt; /dev/null
if [[ $? != 0 ]] ; then
    cat &lt;&lt; EOM
error: The sandbox is not in sync with the Podfile.lock. Run 'pod install' or update your CocoaPods installation.
EOM
    exit 1
fi
</string>
			<key>showEnvVarsInLog</key>
			<string>0</string>
		</dict>
	</dict>
	<key>rootObject</key>
	<string>472F32D417CC3C05007E567B</string>
</dict>
</plist>
